{
  "name": "beatswap",
  "version": "1.0.0",
  "lockfileVersion": 1,
  "requires": true,
  "dependencies": {
    "async": {
      "version": "3.1.1",
      "resolved": "https://registry.npmjs.org/async/-/async-3.1.1.tgz",
      "integrity": "sha512-X5Dj8hK1pJNC2Wzo2Rcp9FBVdJMGRR/S7V+lH46s8GVFhtbo5O4Le5GECCF/8PISVdkUA6mMPvgz7qTTD1rf1g=="
    },
    "audiodata": {
      "version": "1.1.0",
      "resolved": "https://registry.npmjs.org/audiodata/-/audiodata-1.1.0.tgz",
      "integrity": "sha1-BHYZVy22F3rIenaDmEgJirU1now="
    },
    "ciseaux": {
      "version": "0.4.0",
      "resolved": "https://registry.npmjs.org/ciseaux/-/ciseaux-0.4.0.tgz",
      "integrity": "sha1-1IDLAu2z+9pMRZvayshnDQDBr3o=",
      "requires": {
        "audiodata": "^1.1.0",
        "inline-worker": "^1.0.0",
        "wav-decoder": "^1.0.0",
        "wav-encoder": "^1.0.0"
      }
    },
    "detect-file-type": {
      "version": "0.2.7",
      "resolved": "https://registry.npmjs.org/detect-file-type/-/detect-file-type-0.2.7.tgz",
      "integrity": "sha512-T0/Px+07CpnG4tl/hS4sgljPRFCpaheTMJlRh5zmbWr51vhppXm8Jw44KgHPnQ3t12+29XkB2jWIoB1Wb+PyDw=="
    },
    "fluent-ffmpeg": {
      "version": "2.1.2",
      "resolved": "https://registry.npmjs.org/fluent-ffmpeg/-/fluent-ffmpeg-2.1.2.tgz",
      "integrity": "sha1-yVLeIkD4EuvaCqgAbXd27irPfXQ=",
      "requires": {
        "async": ">=0.2.9",
        "which": "^1.1.1"
      }
    },
    "inline-worker": {
      "version": "1.1.0",
      "resolved": "https://registry.npmjs.org/inline-worker/-/inline-worker-1.1.0.tgz",
      "integrity": "sha1-VelvVJFaZCsAhyotqm/oMrQkyY0="
    },
    "isexe": {
      "version": "2.0.0",
      "resolved": "https://registry.npmjs.org/isexe/-/isexe-2.0.0.tgz",
      "integrity": "sha1-6PvzdNxVb/iUehDcsFctYz8s+hA="
    },
    "minimist": {
      "version": "1.2.2",
      "resolved": "https://registry.npmjs.org/minimist/-/minimist-1.2.2.tgz",
      "integrity": "sha512-rIqbOrKb8GJmx/5bc2M0QchhUouMXSpd1RTclXsB41JdL+VtnojfaJR+h7F9k18/4kHUsBFgk80Uk+q569vjPA=="
    },
    "semver": {
      "version": "5.7.1",
      "resolved": "https://registry.npmjs.org/semver/-/semver-5.7.1.tgz",
      "integrity": "sha512-sauaDf/PZdVgrLTNYHRtpXa1iRiKcaebiKQ1BJdpQlWH2lCvexQdX55snPFyK7QzpudqbCI0qXFfOasHdyNDGQ=="
    },
    "tiny-async-pool": {
      "version": "1.1.0",
      "resolved": "https://registry.npmjs.org/tiny-async-pool/-/tiny-async-pool-1.1.0.tgz",
      "integrity": "sha512-jIglyHF/9QdCC3662m/UMVADE6SlocBDpXdFLMZyiAfrw8MSG1pml7lwRtBMT6L/z4dddAxfzw2lpW2Vm42fyQ==",
      "requires": {
        "semver": "^5.5.0",
        "yaassertion": "^1.0.0"
      }
    },
    "wav-decoder": {
      "version": "1.3.0",
      "resolved": "https://registry.npmjs.org/wav-decoder/-/wav-decoder-1.3.0.tgz",
      "integrity": "sha512-4U6O/JNb1dPO90CO2YMTQ5N2plJcntm39vNMvRq9VZ4Vy5FzS7Lnx95N2QcYUyKYcZfCbhI//W3dSHA8YnOQyQ=="
    },
    "wav-encoder": {
      "version": "1.3.0",
      "resolved": "https://registry.npmjs.org/wav-encoder/-/wav-encoder-1.3.0.tgz",
      "integrity": "sha512-FXJdEu2qDOI+wbVYZpu21CS1vPEg5NaxNskBr4SaULpOJMrLE6xkH8dECa7PiS+ZoeyvP7GllWUAxPN3AvFSEw=="
    },
    "which": {
      "version": "1.3.1",
      "resolved": "https://registry.npmjs.org/which/-/which-1.3.1.tgz",
      "integrity": "sha512-HxJdYWq1MTIQbJ3nw0cqssHoTNU267KlrDuGZ1WYlxDStUtKUhOaJmh112/TZmHxxUfuJqPXSOm7tDyas0OSIQ==",
      "requires": {
        "isexe": "^2.0.0"
      }
    },
    "yaassertion": {
      "version": "1.0.2",
      "resolved": "https://registry.npmjs.org/yaassertion/-/yaassertion-1.0.2.tgz",
      "integrity": "sha512-sBoJBg5vTr3lOpRX0yFD+tz7wv/l2UPMFthag4HGTMPrypBRKerjjS8jiEnNMjcAEtPXjbHiKE0UwRR1W1GXBg=="
    }
  }
}
